
Microsoft Visual Studio Solution File, Format Version 12.00
# Visual Studio Version 16
VisualStudioVersion = 16.0.31702.278
MinimumVisualStudioVersion = 10.0.40219.1
Project("{FAE04EC0-301F-11D3-BF4B-00C04F79EFBC}") = "FileClose", "FileClose\FileClose.csproj", "{FB02AED0-A7E0-4E6D-931D-79B7D5450AB3}"
EndProject
Global
	GlobalSection(SolutionConfigurationPlatforms) = preSolution
		Debug|Any CPU = Debug|Any CPU
		Release|Any CPU = Release|Any CPU
	EndGlobalSection
	GlobalSection(ProjectConfigurationPlatforms) = postSolution
		{FB02AED0-A7E0-4E6D-931D-79B7D5450AB3}.Debug|Any CPU.ActiveCfg = Debug|Any CPU
		{FB02AED0-A7E0-4E6D-931D-79B7D5450AB3}.Debug|Any CPU.Build.0 = Debug|Any CPU
		{FB02AED0-A7E0-4E6D-931D-79B7D5450AB3}.Release|Any CPU.ActiveCfg = Release|Any CPU
		{FB02AED0-A7E0-4E6D-931D-79B7D5450AB3}.Release|Any CPU.Build.0 = Release|Any CPU
	EndGlobalSection
	GlobalSection(SolutionProperties) = preSolution
		HideSolutionNode = FALSE
	EndGlobalSection
	GlobalSection(ExtensibilityGlobals) = postSolution
		SolutionGuid = {BAFC5A69-168D-45B3-A2D8-1BE612160399}
	EndGlobalSection
EndGlobal
